
Microsoft Visual Studio Solution File, Format Version 12.00
# Visual Studio Version 17
VisualStudioVersion = 17.7.34024.191
MinimumVisualStudioVersion = 10.0.40219.1
Project("{F184B08F-C81C-45F6-A57F-5ABD9991F28F}") = "MediConnect Phase3", "MediConnect Phase3.vbproj", "{5DDD0051-1E5D-4688-A346-B9AE1D321B30}"
EndProject
Global
	GlobalSection(SolutionConfigurationPlatforms) = preSolution
		Debug|Any CPU = Debug|Any CPU
		Release|Any CPU = Release|Any CPU
	EndGlobalSection
	GlobalSection(ProjectConfigurationPlatforms) = postSolution
		{5DDD0051-1E5D-4688-A346-B9AE1D321B30}.Debug|Any CPU.ActiveCfg = Debug|Any CPU
		{5DDD0051-1E5D-4688-A346-B9AE1D321B30}.Debug|Any CPU.Build.0 = Debug|Any CPU
		{5DDD0051-1E5D-4688-A346-B9AE1D321B30}.Release|Any CPU.ActiveCfg = Release|Any CPU
		{5DDD0051-1E5D-4688-A346-B9AE1D321B30}.Release|Any CPU.Build.0 = Release|Any CPU
	EndGlobalSection
	GlobalSection(SolutionProperties) = preSolution
		HideSolutionNode = FALSE
	EndGlobalSection
	GlobalSection(ExtensibilityGlobals) = postSolution
		SolutionGuid = {6A705581-A45C-45F8-A35D-53000A808F1F}
	EndGlobalSection
EndGlobal
